
Microsoft Visual Studio Solution File, Format Version 12.00
# Visual Studio Version 17
VisualStudioVersion = 17.0.32112.339
MinimumVisualStudioVersion = 10.0.40219.1
Project("{FAE04EC0-301F-11D3-BF4B-00C04F79EFBC}") = "Praktika", "Praktika.csproj", "{32AA5CF8-6D1B-466D-B673-46109E9D062B}"
EndProject
Project("{FAE04EC0-301F-11D3-BF4B-00C04F79EFBC}") = "Praktika.Data", "..\Praktika.Data\Praktika.Data.csproj", "{C8E23C9A-1D09-4F04-B637-03F3E734078C}"
EndProject
Project("{FAE04EC0-301F-11D3-BF4B-00C04F79EFBC}") = "Praktika.Domain", "..\Praktika.Domain\Praktika.Domain.csproj", "{54CC99D1-B0AE-49D2-8EE4-9201DC06206D}"
EndProject
Project("{FAE04EC0-301F-11D3-BF4B-00C04F79EFBC}") = "Praktika.Service", "..\Praktika.Service\Praktika.Service.csproj", "{CDC8B908-8708-4266-992B-1DA768F59050}"
EndProject
Global
	GlobalSection(SolutionConfigurationPlatforms) = preSolution
		Debug|Any CPU = Debug|Any CPU
		Release|Any CPU = Release|Any CPU
	EndGlobalSection
	GlobalSection(ProjectConfigurationPlatforms) = postSolution
		{32AA5CF8-6D1B-466D-B673-46109E9D062B}.Debug|Any CPU.ActiveCfg = Debug|Any CPU
		{32AA5CF8-6D1B-466D-B673-46109E9D062B}.Debug|Any CPU.Build.0 = Debug|Any CPU
		{32AA5CF8-6D1B-466D-B673-46109E9D062B}.Release|Any CPU.ActiveCfg = Release|Any CPU
		{32AA5CF8-6D1B-466D-B673-46109E9D062B}.Release|Any CPU.Build.0 = Release|Any CPU
		{C8E23C9A-1D09-4F04-B637-03F3E734078C}.Debug|Any CPU.ActiveCfg = Debug|Any CPU
		{C8E23C9A-1D09-4F04-B637-03F3E734078C}.Debug|Any CPU.Build.0 = Debug|Any CPU
		{C8E23C9A-1D09-4F04-B637-03F3E734078C}.Release|Any CPU.ActiveCfg = Release|Any CPU
		{C8E23C9A-1D09-4F04-B637-03F3E734078C}.Release|Any CPU.Build.0 = Release|Any CPU
		{54CC99D1-B0AE-49D2-8EE4-9201DC06206D}.Debug|Any CPU.ActiveCfg = Debug|Any CPU
		{54CC99D1-B0AE-49D2-8EE4-9201DC06206D}.Debug|Any CPU.Build.0 = Debug|Any CPU
		{54CC99D1-B0AE-49D2-8EE4-9201DC06206D}.Release|Any CPU.ActiveCfg = Release|Any CPU
		{54CC99D1-B0AE-49D2-8EE4-9201DC06206D}.Release|Any CPU.Build.0 = Release|Any CPU
		{CDC8B908-8708-4266-992B-1DA768F59050}.Debug|Any CPU.ActiveCfg = Debug|Any CPU
		{CDC8B908-8708-4266-992B-1DA768F59050}.Debug|Any CPU.Build.0 = Debug|Any CPU
		{CDC8B908-8708-4266-992B-1DA768F59050}.Release|Any CPU.ActiveCfg = Release|Any CPU
		{CDC8B908-8708-4266-992B-1DA768F59050}.Release|Any CPU.Build.0 = Release|Any CPU
	EndGlobalSection
	GlobalSection(SolutionProperties) = preSolution
		HideSolutionNode = FALSE
	EndGlobalSection
	GlobalSection(ExtensibilityGlobals) = postSolution
		SolutionGuid = {8E1D9A88-B656-4D9C-B422-9C891FF424ED}
	EndGlobalSection
EndGlobal
